
Microsoft Visual Studio Solution File, Format Version 12.00
# Visual Studio Version 16
VisualStudioVersion = 16.0.30503.244
MinimumVisualStudioVersion = 10.0.40219.1
Project("{FAE04EC0-301F-11D3-BF4B-00C04F79EFBC}") = "Prevody", "Prevody\Prevody.csproj", "{57A794A3-2DA6-4DD6-85F2-D9D3AD1B60CC}"
EndProject
Global
	GlobalSection(SolutionConfigurationPlatforms) = preSolution
		Debug|Any CPU = Debug|Any CPU
		Release|Any CPU = Release|Any CPU
	EndGlobalSection
	GlobalSection(ProjectConfigurationPlatforms) = postSolution
		{57A794A3-2DA6-4DD6-85F2-D9D3AD1B60CC}.Debug|Any CPU.ActiveCfg = Debug|Any CPU
		{57A794A3-2DA6-4DD6-85F2-D9D3AD1B60CC}.Debug|Any CPU.Build.0 = Debug|Any CPU
		{57A794A3-2DA6-4DD6-85F2-D9D3AD1B60CC}.Release|Any CPU.ActiveCfg = Release|Any CPU
		{57A794A3-2DA6-4DD6-85F2-D9D3AD1B60CC}.Release|Any CPU.Build.0 = Release|Any CPU
	EndGlobalSection
	GlobalSection(SolutionProperties) = preSolution
		HideSolutionNode = FALSE
	EndGlobalSection
	GlobalSection(ExtensibilityGlobals) = postSolution
		SolutionGuid = {99F8C9FD-1E12-48AE-97C8-FA3E95B02A14}
	EndGlobalSection
EndGlobal
